
Microsoft Visual Studio Solution File, Format Version 12.00
# Visual Studio Version 17
VisualStudioVersion = 17.1.32210.238
MinimumVisualStudioVersion = 10.0.40219.1
Project("{9A19103F-16F7-4668-BE54-9A1E7A4F7556}") = "MarvelousConfigs.API", "MarvelousConfigs\MarvelousConfigs.API.csproj", "{1DB0DC04-0772-41A3-9ED2-B8FD760C8801}"
EndProject
Project("{9A19103F-16F7-4668-BE54-9A1E7A4F7556}") = "MarvelousConfigs.DAL", "MarvelousConfigs.DAL\MarvelousConfigs.DAL.csproj", "{589A6BB6-0178-4BD1-842D-ED9C49C5EEF1}"
EndProject
Project("{9A19103F-16F7-4668-BE54-9A1E7A4F7556}") = "MarvelousConfigs.BLL", "MarvelousConfigs.BLL\MarvelousConfigs.BLL.csproj", "{6343FF64-0F05-4294-8302-A778D6C5F520}"
EndProject
Project("{9A19103F-16F7-4668-BE54-9A1E7A4F7556}") = "MarvelousConfigs.BLL.Tests", "MarvelousConfig.BLL.Tests\MarvelousConfigs.BLL.Tests.csproj", "{9467A52A-518C-46A3-9FD2-87050550F264}"
EndProject
Project("{00D1A9C2-B5F0-4AF3-8072-F6C62B433612}") = "MarvelousConfigs.DB", "MarvelousConfigs.DB\MarvelousConfigs.DB.sqlproj", "{C79CD559-071D-4ECB-802B-639496410256}"
EndProject
Project("{2150E333-8FDC-42A3-9474-1A3956D46DE8}") = "Solution Items", "Solution Items", "{D3E24AEC-6A6C-4A56-85F1-B08DE2D3511E}"
	ProjectSection(SolutionItems) = preProject
		.editorconfig = .editorconfig
	EndProjectSection
EndProject
Project("{9A19103F-16F7-4668-BE54-9A1E7A4F7556}") = "MarvelousConfigs.API.Tests", "MarvelousConfigs.API.Tests\MarvelousConfigs.API.Tests.csproj", "{AC777980-18F8-437E-A365-53961F35F341}"
EndProject
Global
	GlobalSection(SolutionConfigurationPlatforms) = preSolution
		Debug|Any CPU = Debug|Any CPU
		Release|Any CPU = Release|Any CPU
	EndGlobalSection
	GlobalSection(ProjectConfigurationPlatforms) = postSolution
		{1DB0DC04-0772-41A3-9ED2-B8FD760C8801}.Debug|Any CPU.ActiveCfg = Debug|Any CPU
		{1DB0DC04-0772-41A3-9ED2-B8FD760C8801}.Debug|Any CPU.Build.0 = Debug|Any CPU
		{1DB0DC04-0772-41A3-9ED2-B8FD760C8801}.Release|Any CPU.ActiveCfg = Release|Any CPU
		{1DB0DC04-0772-41A3-9ED2-B8FD760C8801}.Release|Any CPU.Build.0 = Release|Any CPU
		{589A6BB6-0178-4BD1-842D-ED9C49C5EEF1}.Debug|Any CPU.ActiveCfg = Debug|Any CPU
		{589A6BB6-0178-4BD1-842D-ED9C49C5EEF1}.Debug|Any CPU.Build.0 = Debug|Any CPU
		{589A6BB6-0178-4BD1-842D-ED9C49C5EEF1}.Release|Any CPU.ActiveCfg = Release|Any CPU
		{589A6BB6-0178-4BD1-842D-ED9C49C5EEF1}.Release|Any CPU.Build.0 = Release|Any CPU
		{6343FF64-0F05-4294-8302-A778D6C5F520}.Debug|Any CPU.ActiveCfg = Debug|Any CPU
		{6343FF64-0F05-4294-8302-A778D6C5F520}.Debug|Any CPU.Build.0 = Debug|Any CPU
		{6343FF64-0F05-4294-8302-A778D6C5F520}.Release|Any CPU.ActiveCfg = Release|Any CPU
		{6343FF64-0F05-4294-8302-A778D6C5F520}.Release|Any CPU.Build.0 = Release|Any CPU
		{9467A52A-518C-46A3-9FD2-87050550F264}.Debug|Any CPU.ActiveCfg = Debug|Any CPU
		{9467A52A-518C-46A3-9FD2-87050550F264}.Debug|Any CPU.Build.0 = Debug|Any CPU
		{9467A52A-518C-46A3-9FD2-87050550F264}.Release|Any CPU.ActiveCfg = Release|Any CPU
		{9467A52A-518C-46A3-9FD2-87050550F264}.Release|Any CPU.Build.0 = Release|Any CPU
		{C79CD559-071D-4ECB-802B-639496410256}.Debug|Any CPU.ActiveCfg = Debug|Any CPU
		{C79CD559-071D-4ECB-802B-639496410256}.Debug|Any CPU.Build.0 = Debug|Any CPU
		{C79CD559-071D-4ECB-802B-639496410256}.Debug|Any CPU.Deploy.0 = Debug|Any CPU
		{C79CD559-071D-4ECB-802B-639496410256}.Release|Any CPU.ActiveCfg = Release|Any CPU
		{C79CD559-071D-4ECB-802B-639496410256}.Release|Any CPU.Build.0 = Release|Any CPU
		{C79CD559-071D-4ECB-802B-639496410256}.Release|Any CPU.Deploy.0 = Release|Any CPU
		{AC777980-18F8-437E-A365-53961F35F341}.Debug|Any CPU.ActiveCfg = Debug|Any CPU
		{AC777980-18F8-437E-A365-53961F35F341}.Debug|Any CPU.Build.0 = Debug|Any CPU
		{AC777980-18F8-437E-A365-53961F35F341}.Release|Any CPU.ActiveCfg = Release|Any CPU
		{AC777980-18F8-437E-A365-53961F35F341}.Release|Any CPU.Build.0 = Release|Any CPU
	EndGlobalSection
	GlobalSection(SolutionProperties) = preSolution
		HideSolutionNode = FALSE
	EndGlobalSection
	GlobalSection(ExtensibilityGlobals) = postSolution
		SolutionGuid = {D261B9F7-4BDA-4964-8159-CE4618374C05}
	EndGlobalSection
EndGlobal
